
Microsoft Visual Studio Solution File, Format Version 12.00
# Visual Studio Version 16
VisualStudioVersion = 16.0.30114.105
MinimumVisualStudioVersion = 10.0.40219.1
Project("{2150E333-8FDC-42A3-9474-1A3956D46DE8}") = "src", "src", "{2D6D1E92-CAC5-47A1-B8A2-4C24F6488E7D}"
EndProject
Project("{FAE04EC0-301F-11D3-BF4B-00C04F79EFBC}") = "HelloWorld", "src\HelloWorld\HelloWorld.csproj", "{B982DFF5-51A6-4667-B45B-9BDC97AB9312}"
EndProject
Project("{FAE04EC0-301F-11D3-BF4B-00C04F79EFBC}") = "HelloWorld.Tests", "src\HelloWorld.Tests\HelloWorld.Tests.csproj", "{1561F1A6-F0FE-49C8-A9A2-2B4F3C94DBC4}"
EndProject
Global
	GlobalSection(SolutionConfigurationPlatforms) = preSolution
		Debug|Any CPU = Debug|Any CPU
		Release|Any CPU = Release|Any CPU
	EndGlobalSection
	GlobalSection(SolutionProperties) = preSolution
		HideSolutionNode = FALSE
	EndGlobalSection
	GlobalSection(ProjectConfigurationPlatforms) = postSolution
		{B982DFF5-51A6-4667-B45B-9BDC97AB9312}.Debug|Any CPU.ActiveCfg = Debug|Any CPU
		{B982DFF5-51A6-4667-B45B-9BDC97AB9312}.Debug|Any CPU.Build.0 = Debug|Any CPU
		{B982DFF5-51A6-4667-B45B-9BDC97AB9312}.Release|Any CPU.ActiveCfg = Release|Any CPU
		{B982DFF5-51A6-4667-B45B-9BDC97AB9312}.Release|Any CPU.Build.0 = Release|Any CPU
		{1561F1A6-F0FE-49C8-A9A2-2B4F3C94DBC4}.Debug|Any CPU.ActiveCfg = Debug|Any CPU
		{1561F1A6-F0FE-49C8-A9A2-2B4F3C94DBC4}.Debug|Any CPU.Build.0 = Debug|Any CPU
		{1561F1A6-F0FE-49C8-A9A2-2B4F3C94DBC4}.Release|Any CPU.ActiveCfg = Release|Any CPU
		{1561F1A6-F0FE-49C8-A9A2-2B4F3C94DBC4}.Release|Any CPU.Build.0 = Release|Any CPU
	EndGlobalSection
	GlobalSection(NestedProjects) = preSolution
		{B982DFF5-51A6-4667-B45B-9BDC97AB9312} = {2D6D1E92-CAC5-47A1-B8A2-4C24F6488E7D}
		{1561F1A6-F0FE-49C8-A9A2-2B4F3C94DBC4} = {2D6D1E92-CAC5-47A1-B8A2-4C24F6488E7D}
	EndGlobalSection
EndGlobal
